
Microsoft Visual Studio Solution File, Format Version 12.00
# Visual Studio Version 17
VisualStudioVersion = 17.7.33920.267
MinimumVisualStudioVersion = 10.0.40219.1
Project("{9A19103F-16F7-4668-BE54-9A1E7A4F7556}") = "GamerVII.LauncherDomains", "GamerVII.LauncherDomains\GamerVII.LauncherDomains.csproj", "{1E0689FF-F991-4B11-AAA6-532AFE259143}"
EndProject
Global
	GlobalSection(SolutionConfigurationPlatforms) = preSolution
		Debug|Any CPU = Debug|Any CPU
		Release|Any CPU = Release|Any CPU
	EndGlobalSection
	GlobalSection(ProjectConfigurationPlatforms) = postSolution
		{1E0689FF-F991-4B11-AAA6-532AFE259143}.Debug|Any CPU.ActiveCfg = Debug|Any CPU
		{1E0689FF-F991-4B11-AAA6-532AFE259143}.Debug|Any CPU.Build.0 = Debug|Any CPU
		{1E0689FF-F991-4B11-AAA6-532AFE259143}.Release|Any CPU.ActiveCfg = Release|Any CPU
		{1E0689FF-F991-4B11-AAA6-532AFE259143}.Release|Any CPU.Build.0 = Release|Any CPU
	EndGlobalSection
	GlobalSection(SolutionProperties) = preSolution
		HideSolutionNode = FALSE
	EndGlobalSection
	GlobalSection(ExtensibilityGlobals) = postSolution
		SolutionGuid = {B9103AD2-26F5-4054-8B58-7F8E5AA3DDBD}
	EndGlobalSection
EndGlobal
